lockfileVersion: '9.0'

settings:
  autoInstallPeers: true
  excludeLinksFromLockfile: false

importers:

  .:
    devDependencies:
      '@faker-js/faker':
        specifier: ^9.4.0
        version: 9.4.0

packages:

  '@faker-js/faker@9.4.0':
    resolution: {integrity: sha512-85+k0AxaZSTowL0gXp8zYWDIrWclTbRPg/pm/V0dSFZ6W6D4lhcG3uuZl4zLsEKfEvs69xDbLN2cHQudwp95JA==}
    engines: {node: '>=18.0.0', npm: '>=9.0.0'}

snapshots:

  '@faker-js/faker@9.4.0': {}
